
Microsoft Visual Studio Solution File, Format Version 12.00
# Visual Studio Version 17
VisualStudioVersion = 17.8.34322.80
MinimumVisualStudioVersion = 10.0.40219.1
Project("{9A19103F-16F7-4668-BE54-9A1E7A4F7556}") = "eAppointment.Domain", "eAppointment.Domain\eAppointment.Domain.csproj", "{DC7176BE-4BDF-46DB-835B-7A6DBB44B26F}"
EndProject
Project("{FAE04EC0-301F-11D3-BF4B-00C04F79EFBC}") = "eAppointment.Application", "eAppointment.Application\eAppointment.Application.csproj", "{E04419C0-BF23-4FC7-A1CC-6BBDE9F55549}"
EndProject
Global
	GlobalSection(SolutionConfigurationPlatforms) = preSolution
		Debug|Any CPU = Debug|Any CPU
		Release|Any CPU = Release|Any CPU
	EndGlobalSection
	GlobalSection(ProjectConfigurationPlatforms) = postSolution
		{DC7176BE-4BDF-46DB-835B-7A6DBB44B26F}.Debug|Any CPU.ActiveCfg = Debug|Any CPU
		{DC7176BE-4BDF-46DB-835B-7A6DBB44B26F}.Debug|Any CPU.Build.0 = Debug|Any CPU
		{DC7176BE-4BDF-46DB-835B-7A6DBB44B26F}.Release|Any CPU.ActiveCfg = Release|Any CPU
		{DC7176BE-4BDF-46DB-835B-7A6DBB44B26F}.Release|Any CPU.Build.0 = Release|Any CPU
		{E04419C0-BF23-4FC7-A1CC-6BBDE9F55549}.Debug|Any CPU.ActiveCfg = Debug|Any CPU
		{E04419C0-BF23-4FC7-A1CC-6BBDE9F55549}.Debug|Any CPU.Build.0 = Debug|Any CPU
		{E04419C0-BF23-4FC7-A1CC-6BBDE9F55549}.Release|Any CPU.ActiveCfg = Release|Any CPU
		{E04419C0-BF23-4FC7-A1CC-6BBDE9F55549}.Release|Any CPU.Build.0 = Release|Any CPU
	EndGlobalSection
	GlobalSection(SolutionProperties) = preSolution
		HideSolutionNode = FALSE
	EndGlobalSection
	GlobalSection(ExtensibilityGlobals) = postSolution
		SolutionGuid = {AA3471EB-5D91-438D-ADC5-82EA26A2E44F}
	EndGlobalSection
EndGlobal
